dependencies:
- name: base
  repository: https://istio-release.storage.googleapis.com/charts
  version: 1.30.4
- name: istiod
  repository: https://istio-release.storage.googleapis.com/charts
  version: 1.30.4
- name: cni
  repository: https://istio-release.storage.googleapis.com/charts
  version: 1.30.4
- name: ztunnel
  repository: https://istio-release.storage.googleapis.com/charts
  version: 1.30.4
digest: sha256:546e4df7f8794bb95b83f9d35819f2230e2438271356dc7fde3f13f2e8fa9858
generated: "2026-09-18T23:28:39.46684+03:00"
